
Microsoft Visual Studio Solution File, Format Version 12.00
# Visual Studio Version 16
VisualStudioVersion = 16.0.29728.190
MinimumVisualStudioVersion = 10.0.40219.1
Project("{FAE04EC0-301F-11D3-BF4B-00C04F79EFBC}") = "PromotionEngine", "PromotionEngine\PromotionEngine\PromotionEngine.csproj", "{1616AB9C-0007-49A0-B211-9350AC3639E9}"
EndProject
Project("{FAE04EC0-301F-11D3-BF4B-00C04F79EFBC}") = "PromotionEngine.UnitTest", "PromotionEngine\PromotionEngine.UnitTest\PromotionEngine.UnitTest.csproj", "{44BB7716-CD93-4CEF-98AD-10A4D8D576E6}"
EndProject
Global
	GlobalSection(SolutionConfigurationPlatforms) = preSolution
		Debug|Any CPU = Debug|Any CPU
		Release|Any CPU = Release|Any CPU
	EndGlobalSection
	GlobalSection(ProjectConfigurationPlatforms) = postSolution
		{1616AB9C-0007-49A0-B211-9350AC3639E9}.Debug|Any CPU.ActiveCfg = Debug|Any CPU
		{1616AB9C-0007-49A0-B211-9350AC3639E9}.Debug|Any CPU.Build.0 = Debug|Any CPU
		{1616AB9C-0007-49A0-B211-9350AC3639E9}.Release|Any CPU.ActiveCfg = Release|Any CPU
		{1616AB9C-0007-49A0-B211-9350AC3639E9}.Release|Any CPU.Build.0 = Release|Any CPU
		{44BB7716-CD93-4CEF-98AD-10A4D8D576E6}.Debug|Any CPU.ActiveCfg = Debug|Any CPU
		{44BB7716-CD93-4CEF-98AD-10A4D8D576E6}.Debug|Any CPU.Build.0 = Debug|Any CPU
		{44BB7716-CD93-4CEF-98AD-10A4D8D576E6}.Release|Any CPU.ActiveCfg = Release|Any CPU
		{44BB7716-CD93-4CEF-98AD-10A4D8D576E6}.Release|Any CPU.Build.0 = Release|Any CPU
	EndGlobalSection
	GlobalSection(SolutionProperties) = preSolution
		HideSolutionNode = FALSE
	EndGlobalSection
	GlobalSection(ExtensibilityGlobals) = postSolution
		SolutionGuid = {CBD7C664-D30D-4A77-B095-D3B942E51FC8}
	EndGlobalSection
EndGlobal
